// !$*UTF8*$!
{
	archiveVersion = 1;
	classes = {
	};
	objectVersion = 50;
	objects = {

/* Begin PBXBuildFile section */
		0054F55C2611D729002FDF9A /* PopUpViewController.swift in Sources */ = {isa = PBXBuildFile; fileRef = 0054F55B2611D729002FDF9A /* PopUpViewController.swift */; };
		006BE033260A1BE200E8FB3E /* AppDelegate.swift in Sources */ = {isa = PBXBuildFile; fileRef = 006BE032260A1BE200E8FB3E /* AppDelegate.swift */; };
		006BE03C260A1BE200E8FB3E /* Assets.xcassets in Resources */ = {isa = PBXBuildFile; fileRef = 006BE03B260A1BE200E8FB3E /* Assets.xcassets */; };
		006BE03F260A1BE200E8FB3E /* LaunchScreen.storyboard in Resources */ = {isa = PBXBuildFile; fileRef = 006BE03D260A1BE200E8FB3E /* LaunchScreen.storyboard */; };
		006BE048260A1C4900E8FB3E /* HomeViewController.swift in Sources */ = {isa = PBXBuildFile; fileRef = 006BE047260A1C4900E8FB3E /* HomeViewController.swift */; };
		006BE04B260A1C7000E8FB3E /* NilSpeed.swift in Sources */ = {isa = PBXBuildFile; fileRef = 006BE04A260A1C7000E8FB3E /* NilSpeed.swift */; };
		006BE04F260A1C8E00E8FB3E /* MapViewController.swift in Sources */ = {isa = PBXBuildFile; fileRef = 006BE04E260A1C8E00E8FB3E /* MapViewController.swift */; };
		006BE053260A1CB400E8FB3E /* Main.storyboard in Resources */ = {isa = PBXBuildFile; fileRef = 006BE052260A1CB400E8FB3E /* Main.storyboard */; };
		006BE057260A1CFF00E8FB3E /* CoreLocation.framework in Frameworks */ = {isa = PBXBuildFile; fileRef = 006BE056260A1CFF00E8FB3E /* CoreLocation.framework */; };
/* End PBXBuildFile section */

/* Begin PBXFileReference section */
		0054F55B2611D729002FDF9A /* PopUpViewController.swift */ = {isa = PBXFileReference; lastKnownFileType = sourcecode.swift; path = PopUpViewController.swift; sourceTree = "<group>"; };
		006BE02F260A1BE200E8FB3E /* 220garage.app */ = {isa = PBXFileReference; explicitFileType = wrapper.application; includeInIndex = 0; path = 220garage.app; sourceTree = BUILT_PRODUCTS_DIR; };
		006BE032260A1BE200E8FB3E /* AppDelegate.swift */ = {isa = PBXFileReference; lastKnownFileType = sourcecode.swift; path = AppDelegate.swift; sourceTree = "<group>"; };
		006BE03B260A1BE200E8FB3E /* Assets.xcassets */ = {isa = PBXFileReference; lastKnownFileType = folder.assetcatalog; path = Assets.xcassets; sourceTree = "<group>"; };
		006BE03E260A1BE200E8FB3E /* Base */ = {isa = PBXFileReference; lastKnownFileType = file.storyboard; name = Base; path = Base.lproj/LaunchScreen.storyboard; sourceTree = "<group>"; };
		006BE040260A1BE200E8FB3E /* Info.plist */ = {isa = PBXFileReference; lastKnownFileType = text.plist.xml; path = Info.plist; sourceTree = "<group>"; };
		006BE047260A1C4900E8FB3E /* HomeViewController.swift */ = {isa = PBXFileReference; fileEncoding = 4; lastKnownFileType = sourcecode.swift; path = HomeViewController.swift; sourceTree = "<group>"; };
		006BE04A260A1C7000E8FB3E /* NilSpeed.swift */ = {isa = PBXFileReference; fileEncoding = 4; lastKnownFileType = sourcecode.swift; path = NilSpeed.swift; sourceTree = "<group>"; };
		006BE04E260A1C8E00E8FB3E /* MapViewController.swift */ = {isa = PBXFileReference; fileEncoding = 4; lastKnownFileType = sourcecode.swift; path = MapViewController.swift; sourceTree = "<group>"; };
		006BE052260A1CB400E8FB3E /* Main.storyboard */ = {isa = PBXFileReference; fileEncoding = 4; lastKnownFileType = file.storyboard; path = Main.storyboard; sourceTree = "<group>"; };
		006BE056260A1CFF00E8FB3E /* CoreLocation.framework */ = {isa = PBXFileReference; lastKnownFileType = wrapper.framework; name = CoreLocation.framework; path = System/Library/Frameworks/CoreLocation.framework; sourceTree = SDKROOT; };
/* End PBXFileReference section */

/* Begin PBXFrameworksBuildPhase section */
		006BE02C260A1BE200E8FB3E /* Frameworks */ = {
			isa = PBXFrameworksBuildPhase;
			buildActionMask = 2147483647;
			files = (
				006BE057260A1CFF00E8FB3E /* CoreLocation.framework in Frameworks */,
			);
			runOnlyForDeploymentPostprocessing = 0;
		};
/* End PBXFrameworksBuildPhase section */

/* Begin PBXGroup section */
		006BE026260A1BE200E8FB3E = {
			isa = PBXGroup;
			children = (
				006BE031260A1BE200E8FB3E /* 220garage */,
				006BE030260A1BE200E8FB3E /* Products */,
				006BE055260A1CFF00E8FB3E /* Frameworks */,
			);
			sourceTree = "<group>";
		};
		006BE030260A1BE200E8FB3E /* Products */ = {
			isa = PBXGroup;
			children = (
				006BE02F260A1BE200E8FB3E /* 220garage.app */,
			);
			name = Products;
			sourceTree = "<group>";
		};
		006BE031260A1BE200E8FB3E /* 220garage */ = {
			isa = PBXGroup;
			children = (
				006BE032260A1BE200E8FB3E /* AppDelegate.swift */,
				006BE04A260A1C7000E8FB3E /* NilSpeed.swift */,
				006BE047260A1C4900E8FB3E /* HomeViewController.swift */,
				006BE04E260A1C8E00E8FB3E /* MapViewController.swift */,
				0054F55B2611D729002FDF9A /* PopUpViewController.swift */,
				006BE052260A1CB400E8FB3E /* Main.storyboard */,
				006BE03B260A1BE200E8FB3E /* Assets.xcassets */,
				006BE03D260A1BE200E8FB3E /* LaunchScreen.storyboard */,
				006BE040260A1BE200E8FB3E /* Info.plist */,
			);
			path = 220garage;
			sourceTree = "<group>";
		};
		006BE055260A1CFF00E8FB3E /* Frameworks */ = {
			isa = PBXGroup;
			children = (
				006BE056260A1CFF00E8FB3E /* CoreLocation.framework */,
			);
			name = Frameworks;
			sourceTree = "<group>";
		};
/* End PBXGroup section */

/* Begin PBXNativeTarget section */
		006BE02E260A1BE200E8FB3E /* 220garage */ = {
			isa = PBXNativeTarget;
			buildConfigurationList = 006BE043260A1BE200E8FB3E /* Build configuration list for PBXNativeTarget "220garage" */;
			buildPhases = (
				006BE02B260A1BE200E8FB3E /* Sources */,
				006BE02C260A1BE200E8FB3E /* Frameworks */,
				006BE02D260A1BE200E8FB3E /* Resources */,
			);
			buildRules = (
			);
			dependencies = (
			);
			name = 220garage;
			productName = 220garage;
			productReference = 006BE02F260A1BE200E8FB3E /* 220garage.app */;
			productType = "com.apple.product-type.application";
		};
/* End PBXNativeTarget section */

/* Begin PBXProject section */
		006BE027260A1BE200E8FB3E /* Project object */ = {
			isa = PBXProject;
			attributes = {
				LastSwiftUpdateCheck = 1230;
				LastUpgradeCheck = 1230;
				TargetAttributes = {
					006BE02E260A1BE200E8FB3E = {
						CreatedOnToolsVersion = 12.3;
					};
				};
			};
			buildConfigurationList = 006BE02A260A1BE200E8FB3E /* Build configuration list for PBXProject "220garage" */;
			compatibilityVersion = "Xcode 9.3";
			developmentRegion = en;
			hasScannedForEncodings = 0;
			knownRegions = (
				en,
				Base,
			);
			mainGroup = 006BE026260A1BE200E8FB3E;
			productRefGroup = 006BE030260A1BE200E8FB3E /* Products */;
			projectDirPath = "";
			projectRoot = "";
			targets = (
				006BE02E260A1BE200E8FB3E /* 220garage */,
			);
		};
/* End PBXProject section */

/* Begin PBXResourcesBuildPhase section */
		006BE02D260A1BE200E8FB3E /* Resources */ = {
			isa = PBXResourcesBuildPhase;
			buildActionMask = 2147483647;
			files = (
				006BE053260A1CB400E8FB3E /* Main.storyboard in Resources */,
				006BE03F260A1BE200E8FB3E /* LaunchScreen.storyboard in Resources */,
				006BE03C260A1BE200E8FB3E /* Assets.xcassets in Resources */,
			);
			runOnlyForDeploymentPostprocessing = 0;
		};
/* End PBXResourcesBuildPhase section */

/* Begin PBXSourcesBuildPhase section */
		006BE02B260A1BE200E8FB3E /* Sources */ = {
			isa = PBXSourcesBuildPhase;
			buildActionMask = 2147483647;
			files = (
				0054F55C2611D729002FDF9A /* PopUpViewController.swift in Sources */,
				006BE04F260A1C8E00E8FB3E /* MapViewController.swift in Sources */,
				006BE04B260A1C7000E8FB3E /* NilSpeed.swift in Sources */,
				006BE033260A1BE200E8FB3E /* AppDelegate.swift in Sources */,
				006BE048260A1C4900E8FB3E /* HomeViewController.swift in Sources */,
			);
			runOnlyForDeploymentPostprocessing = 0;
		};
/* End PBXSourcesBuildPhase section */

/* Begin PBXVariantGroup section */
		006BE03D260A1BE200E8FB3E /* LaunchScreen.storyboard */ = {
			isa = PBXVariantGroup;
			children = (
				006BE03E260A1BE200E8FB3E /* Base */,
			);
			name = LaunchScreen.storyboard;
			sourceTree = "<group>";
		};
/* End PBXVariantGroup section */

/* Begin XCBuildConfiguration section */
		006BE041260A1BE200E8FB3E /* Debug */ = {
			isa = XCBuildConfiguration;
			buildSettings = {
				ALWAYS_SEARCH_USER_PATHS = NO;
				CLANG_ANALYZER_NONNULL = YES;
				CLANG_ANALYZER_NUMBER_OBJECT_CONVERSION = YES_AGGRESSIVE;
				CLANG_CXX_LANGUAGE_STANDARD = "gnu++14";
				CLANG_CXX_LIBRARY = "libc++";
				CLANG_ENABLE_MODULES = YES;
				CLANG_ENABLE_OBJC_ARC = YES;
				CLANG_ENABLE_OBJC_WEAK = YES;
				CLANG_WARN_BLOCK_CAPTURE_AUTORELEASING = YES;
				CLANG_WARN_BOOL_CONVERSION = YES;
				CLANG_WARN_COMMA = YES;
				CLANG_WARN_CONSTANT_CONVERSION = YES;
				CLANG_WARN_DEPRECATED_OBJC_IMPLEMENTATIONS = YES;
				CLANG_WARN_DIRECT_OBJC_ISA_USAGE = YES_ERROR;
				CLANG_WARN_DOCUMENTATION_COMMENTS = YES;
				CLANG_WARN_EMPTY_BODY = YES;
				CLANG_WARN_ENUM_CONVERSION = YES;
				CLANG_WARN_INFINITE_RECURSION = YES;
				CLANG_WARN_INT_CONVERSION = YES;
				CLANG_WARN_NON_LITERAL_NULL_CONVERSION = YES;
				CLANG_WARN_OBJC_IMPLICIT_RETAIN_SELF = YES;
				CLANG_WARN_OBJC_LITERAL_CONVERSION = YES;
				CLANG_WARN_OBJC_ROOT_CLASS = YES_ERROR;
				CLANG_WARN_QUOTED_INCLUDE_IN_FRAMEWORK_HEADER = YES;
				CLANG_WARN_RANGE_LOOP_ANALYSIS = YES;
				CLANG_WARN_STRICT_PROTOTYPES = YES;
				CLANG_WARN_SUSPICIOUS_MOVE = YES;
				CLANG_WARN_UNGUARDED_AVAILABILITY = YES_AGGRESSIVE;
				CLANG_WARN_UNREACHABLE_CODE = YES;
				CLANG_WARN__DUPLICATE_METHOD_MATCH = YES;
				COPY_PHASE_STRIP = NO;
				DEBUG_INFORMATION_FORMAT = dwarf;
				ENABLE_STRICT_OBJC_MSGSEND = YES;
				ENABLE_TESTABILITY = YES;
				GCC_C_LANGUAGE_STANDARD = gnu11;
				GCC_DYNAMIC_NO_PIC = NO;
				GCC_NO_COMMON_BLOCKS = YES;
				GCC_OPTIMIZATION_LEVEL = 0;
				GCC_PREPROCESSOR_DEFINITIONS = (
					"DEBUG=1",
					"$(inherited)",
				);
				GCC_WARN_64_TO_32_BIT_CONVERSION = YES;
				GCC_WARN_ABOUT_RETURN_TYPE = YES_ERROR;
				GCC_WARN_UNDECLARED_SELECTOR = YES;
				GCC_WARN_UNINITIALIZED_AUTOS = YES_AGGRESSIVE;
				GCC_WARN_UNUSED_FUNCTION = YES;
				GCC_WARN_UNUSED_VARIABLE = YES;
				IPHONEOS_DEPLOYMENT_TARGET = 14.3;
				MTL_ENABLE_DEBUG_INFO = INCLUDE_SOURCE;
				MTL_FAST_MATH = YES;
				ONLY_ACTIVE_ARCH = YES;
				SDKROOT = iphoneos;
				SWIFT_ACTIVE_COMPILATION_CONDITIONS = DEBUG;
				SWIFT_OPTIMIZATION_LEVEL = "-Onone";
			};
			name = Debug;
		};
		006BE042260A1BE200E8FB3E /* Release */ = {
			isa = XCBuildConfiguration;
			buildSettings = {
				ALWAYS_SEARCH_USER_PATHS = NO;
				CLANG_ANALYZER_NONNULL = YES;
				CLANG_ANALYZER_NUMBER_OBJECT_CONVERSION = YES_AGGRESSIVE;
				CLANG_CXX_LANGUAGE_STANDARD = "gnu++14";
				CLANG_CXX_LIBRARY = "libc++";
				CLANG_ENABLE_MODULES = YES;
				CLANG_ENABLE_OBJC_ARC = YES;
				CLANG_ENABLE_OBJC_WEAK = YES;
				CLANG_WARN_BLOCK_CAPTURE_AUTORELEASING = YES;
				CLANG_WARN_BOOL_CONVERSION = YES;
				CLANG_WARN_COMMA = YES;
				CLANG_WARN_CONSTANT_CONVERSION = YES;
				CLANG_WARN_DEPRECATED_OBJC_IMPLEMENTATIONS = YES;
				CLANG_WARN_DIRECT_OBJC_ISA_USAGE = YES_ERROR;
				CLANG_WARN_DOCUMENTATION_COMMENTS = YES;
				CLANG_WARN_EMPTY_BODY = YES;
				CLANG_WARN_ENUM_CONVERSION = YES;
				CLANG_WARN_INFINITE_RECURSION = YES;
				CLANG_WARN_INT_CONVERSION = YES;
				CLANG_WARN_NON_LITERAL_NULL_CONVERSION = YES;
				CLANG_WARN_OBJC_IMPLICIT_RETAIN_SELF = YES;
				CLANG_WARN_OBJC_LITERAL_CONVERSION = YES;
				CLANG_WARN_OBJC_ROOT_CLASS = YES_ERROR;
				CLANG_WARN_QUOTED_INCLUDE_IN_FRAMEWORK_HEADER = YES;
				CLANG_WARN_RANGE_LOOP_ANALYSIS = YES;
				CLANG_WARN_STRICT_PROTOTYPES = YES;
				CLANG_WARN_SUSPICIOUS_MOVE = YES;
				CLANG_WARN_UNGUARDED_AVAILABILITY = YES_AGGRESSIVE;
				CLANG_WARN_UNREACHABLE_CODE = YES;
				CLANG_WARN__DUPLICATE_METHOD_MATCH = YES;
				COPY_PHASE_STRIP = NO;
				DEBUG_INFORMATION_FORMAT = "dwarf-with-dsym";
				ENABLE_NS_ASSERTIONS = NO;
				ENABLE_STRICT_OBJC_MSGSEND = YES;
				GCC_C_LANGUAGE_STANDARD = gnu11;
				GCC_NO_COMMON_BLOCKS = YES;
				GCC_WARN_64_TO_32_BIT_CONVERSION = YES;
				GCC_WARN_ABOUT_RETURN_TYPE = YES_ERROR;
				GCC_WARN_UNDECLARED_SELECTOR = YES;
				GCC_WARN_UNINITIALIZED_AUTOS = YES_AGGRESSIVE;
				GCC_WARN_UNUSED_FUNCTION = YES;
				GCC_WARN_UNUSED_VARIABLE = YES;
				IPHONEOS_DEPLOYMENT_TARGET = 14.3;
				MTL_ENABLE_DEBUG_INFO = NO;
				MTL_FAST_MATH = YES;
				SDKROOT = iphoneos;
				SWIFT_COMPILATION_MODE = wholemodule;
				SWIFT_OPTIMIZATION_LEVEL = "-O";
				VALIDATE_PRODUCT = YES;
			};
			name = Release;
		};
		006BE044260A1BE200E8FB3E /* Debug */ = {
			isa = XCBuildConfiguration;
			buildSettings = {
				ASSETCATALOG_COMPILER_APPICON_NAME = AppIcon;
				ASSETCATALOG_COMPILER_GLOBAL_ACCENT_COLOR_NAME = AccentColor;
				CODE_SIGN_STYLE = Automatic;
				DEVELOPMENT_TEAM = 3L38MGWJ6L;
				INFOPLIST_FILE = 220garage/Info.plist;
				IPHONEOS_DEPLOYMENT_TARGET = 12.4;
				LD_RUNPATH_SEARCH_PATHS = (
					"$(inherited)",
					"@executable_path/Frameworks",
				);
				PRODUCT_BUNDLE_IDENTIFIER = "com.dogus.-20garage";
				PRODUCT_NAME = "$(TARGET_NAME)";
				SWIFT_VERSION = 5.0;
				TARGETED_DEVICE_FAMILY = "1,2";
			};
			name = Debug;
		};
		006BE045260A1BE200E8FB3E /* Release */ = {
			isa = XCBuildConfiguration;
			buildSettings = {
				ASSETCATALOG_COMPILER_APPICON_NAME = AppIcon;
				ASSETCATALOG_COMPILER_GLOBAL_ACCENT_COLOR_NAME = AccentColor;
				CODE_SIGN_STYLE = Automatic;
				DEVELOPMENT_TEAM = 3L38MGWJ6L;
				INFOPLIST_FILE = 220garage/Info.plist;
				IPHONEOS_DEPLOYMENT_TARGET = 12.4;
				LD_RUNPATH_SEARCH_PATHS = (
					"$(inherited)",
					"@executable_path/Frameworks",
				);
				PRODUCT_BUNDLE_IDENTIFIER = "com.dogus.-20garage";
				PRODUCT_NAME = "$(TARGET_NAME)";
				SWIFT_VERSION = 5.0;
				TARGETED_DEVICE_FAMILY = "1,2";
			};
			name = Release;
		};
/* End XCBuildConfiguration section */

/* Begin XCConfigurationList section */
		006BE02A260A1BE200E8FB3E /* Build configuration list for PBXProject "220garage" */ = {
			isa = XCConfigurationList;
			buildConfigurations = (
				006BE041260A1BE200E8FB3E /* Debug */,
				006BE042260A1BE200E8FB3E /* Release */,
			);
			defaultConfigurationIsVisible = 0;
			defaultConfigurationName = Release;
		};
		006BE043260A1BE200E8FB3E /* Build configuration list for PBXNativeTarget "220garage" */ = {
			isa = XCConfigurationList;
			buildConfigurations = (
				006BE044260A1BE200E8FB3E /* Debug */,
				006BE045260A1BE200E8FB3E /* Release */,
			);
			defaultConfigurationIsVisible = 0;
			defaultConfigurationName = Release;
		};
/* End XCConfigurationList section */
	};
	rootObject = 006BE027260A1BE200E8FB3E /* Project object */;
}
